
Microsoft Visual Studio Solution File, Format Version 12.00
# Visual Studio Version 17
VisualStudioVersion = 17.9.34616.47
MinimumVisualStudioVersion = 10.0.40219.1
Project("{FAE04EC0-301F-11D3-BF4B-00C04F79EFBC}") = "WheelCrafters", "WheelCrafters.csproj", "{4BD51BCD-0FA6-4D95-A4A5-C542D92DC339}"
EndProject
Project("{FAE04EC0-301F-11D3-BF4B-00C04F79EFBC}") = "WheelCrafters.Core", "..\WheelCrafters.Core\WheelCrafters.Core.csproj", "{6106B63D-4335-47D4-BE99-8CEEFDAF6BA1}"
EndProject
Project("{FAE04EC0-301F-11D3-BF4B-00C04F79EFBC}") = "WheelCrafters.Infrastructure", "..\WheelCrafters.Infrastructure\WheelCrafters.Infrastructure.csproj", "{338E893E-A0BB-457D-ADF8-E2EB09DC78DF}"
EndProject
Global
	GlobalSection(SolutionConfigurationPlatforms) = preSolution
		Debug|Any CPU = Debug|Any CPU
		Release|Any CPU = Release|Any CPU
	EndGlobalSection
	GlobalSection(ProjectConfigurationPlatforms) = postSolution
		{4BD51BCD-0FA6-4D95-A4A5-C542D92DC339}.Debug|Any CPU.ActiveCfg = Debug|Any CPU
		{4BD51BCD-0FA6-4D95-A4A5-C542D92DC339}.Debug|Any CPU.Build.0 = Debug|Any CPU
		{4BD51BCD-0FA6-4D95-A4A5-C542D92DC339}.Release|Any CPU.ActiveCfg = Release|Any CPU
		{4BD51BCD-0FA6-4D95-A4A5-C542D92DC339}.Release|Any CPU.Build.0 = Release|Any CPU
		{6106B63D-4335-47D4-BE99-8CEEFDAF6BA1}.Debug|Any CPU.ActiveCfg = Debug|Any CPU
		{6106B63D-4335-47D4-BE99-8CEEFDAF6BA1}.Debug|Any CPU.Build.0 = Debug|Any CPU
		{6106B63D-4335-47D4-BE99-8CEEFDAF6BA1}.Release|Any CPU.ActiveCfg = Release|Any CPU
		{6106B63D-4335-47D4-BE99-8CEEFDAF6BA1}.Release|Any CPU.Build.0 = Release|Any CPU
		{338E893E-A0BB-457D-ADF8-E2EB09DC78DF}.Debug|Any CPU.ActiveCfg = Debug|Any CPU
		{338E893E-A0BB-457D-ADF8-E2EB09DC78DF}.Debug|Any CPU.Build.0 = Debug|Any CPU
		{338E893E-A0BB-457D-ADF8-E2EB09DC78DF}.Release|Any CPU.ActiveCfg = Release|Any CPU
		{338E893E-A0BB-457D-ADF8-E2EB09DC78DF}.Release|Any CPU.Build.0 = Release|Any CPU
	EndGlobalSection
	GlobalSection(SolutionProperties) = preSolution
		HideSolutionNode = FALSE
	EndGlobalSection
	GlobalSection(ExtensibilityGlobals) = postSolution
		SolutionGuid = {68EAB4EF-8E89-47BD-B1D9-4EC7361CFD4D}
	EndGlobalSection
EndGlobal
